
Microsoft Visual Studio Solution File, Format Version 12.00
# Visual Studio Version 16
VisualStudioVersion = 16.0.30114.105
MinimumVisualStudioVersion = 10.0.40219.1
Project("{2150E333-8FDC-42A3-9474-1A3956D46DE8}") = "svc", "svc", "{A0E7295C-2996-4133-A1C4-94BF6A2B7EDE}"
EndProject
Project("{F2A71F9B-5D33-465A-A702-920D77279786}") = "WebApi", "svc\WebApi\WebApi.fsproj", "{1C0976E8-5039-4FB2-A49A-3F7F14005DD5}"
EndProject
Project("{2150E333-8FDC-42A3-9474-1A3956D46DE8}") = "shared", "shared", "{489C9E4F-4F6D-46CB-9C9D-A087AFC6FAD4}"
EndProject
Project("{F2A71F9B-5D33-465A-A702-920D77279786}") = "Domains.Shared", "shared\Domains.Shared\Domains.Shared.fsproj", "{60CA5FC7-30E1-4FDC-8A0F-9EA2DB546A74}"
EndProject
Project("{F2A71F9B-5D33-465A-A702-920D77279786}") = "Preamble", "shared\Preamble\Preamble.fsproj", "{B77B3AB4-6AB7-4403-B15D-8E440BE00412}"
EndProject
Project("{2150E333-8FDC-42A3-9474-1A3956D46DE8}") = "libs", "libs", "{C460875A-C02E-482A-92A9-32B96253043E}"
EndProject
Project("{F2A71F9B-5D33-465A-A702-920D77279786}") = "Domain", "libs\Domain\Domain.fsproj", "{E05B54B7-6B07-40B4-A2CB-1997C8D60CDE}"
EndProject
Project("{F2A71F9B-5D33-465A-A702-920D77279786}") = "Services", "libs\Services\Services.fsproj", "{D9E34C75-1602-434E-B62B-AE4DE97E9960}"
EndProject
Global
	GlobalSection(SolutionConfigurationPlatforms) = preSolution
		Debug|Any CPU = Debug|Any CPU
		Release|Any CPU = Release|Any CPU
	EndGlobalSection
	GlobalSection(SolutionProperties) = preSolution
		HideSolutionNode = FALSE
	EndGlobalSection
	GlobalSection(ProjectConfigurationPlatforms) = postSolution
		{1C0976E8-5039-4FB2-A49A-3F7F14005DD5}.Debug|Any CPU.ActiveCfg = Debug|Any CPU
		{1C0976E8-5039-4FB2-A49A-3F7F14005DD5}.Debug|Any CPU.Build.0 = Debug|Any CPU
		{1C0976E8-5039-4FB2-A49A-3F7F14005DD5}.Release|Any CPU.ActiveCfg = Release|Any CPU
		{1C0976E8-5039-4FB2-A49A-3F7F14005DD5}.Release|Any CPU.Build.0 = Release|Any CPU
		{60CA5FC7-30E1-4FDC-8A0F-9EA2DB546A74}.Debug|Any CPU.ActiveCfg = Debug|Any CPU
		{60CA5FC7-30E1-4FDC-8A0F-9EA2DB546A74}.Debug|Any CPU.Build.0 = Debug|Any CPU
		{60CA5FC7-30E1-4FDC-8A0F-9EA2DB546A74}.Release|Any CPU.ActiveCfg = Release|Any CPU
		{60CA5FC7-30E1-4FDC-8A0F-9EA2DB546A74}.Release|Any CPU.Build.0 = Release|Any CPU
		{B77B3AB4-6AB7-4403-B15D-8E440BE00412}.Debug|Any CPU.ActiveCfg = Debug|Any CPU
		{B77B3AB4-6AB7-4403-B15D-8E440BE00412}.Debug|Any CPU.Build.0 = Debug|Any CPU
		{B77B3AB4-6AB7-4403-B15D-8E440BE00412}.Release|Any CPU.ActiveCfg = Release|Any CPU
		{B77B3AB4-6AB7-4403-B15D-8E440BE00412}.Release|Any CPU.Build.0 = Release|Any CPU
		{E05B54B7-6B07-40B4-A2CB-1997C8D60CDE}.Debug|Any CPU.ActiveCfg = Debug|Any CPU
		{E05B54B7-6B07-40B4-A2CB-1997C8D60CDE}.Debug|Any CPU.Build.0 = Debug|Any CPU
		{E05B54B7-6B07-40B4-A2CB-1997C8D60CDE}.Release|Any CPU.ActiveCfg = Release|Any CPU
		{E05B54B7-6B07-40B4-A2CB-1997C8D60CDE}.Release|Any CPU.Build.0 = Release|Any CPU
		{D9E34C75-1602-434E-B62B-AE4DE97E9960}.Debug|Any CPU.ActiveCfg = Debug|Any CPU
		{D9E34C75-1602-434E-B62B-AE4DE97E9960}.Debug|Any CPU.Build.0 = Debug|Any CPU
		{D9E34C75-1602-434E-B62B-AE4DE97E9960}.Release|Any CPU.ActiveCfg = Release|Any CPU
		{D9E34C75-1602-434E-B62B-AE4DE97E9960}.Release|Any CPU.Build.0 = Release|Any CPU
	EndGlobalSection
	GlobalSection(NestedProjects) = preSolution
		{1C0976E8-5039-4FB2-A49A-3F7F14005DD5} = {A0E7295C-2996-4133-A1C4-94BF6A2B7EDE}
		{60CA5FC7-30E1-4FDC-8A0F-9EA2DB546A74} = {489C9E4F-4F6D-46CB-9C9D-A087AFC6FAD4}
		{B77B3AB4-6AB7-4403-B15D-8E440BE00412} = {489C9E4F-4F6D-46CB-9C9D-A087AFC6FAD4}
		{E05B54B7-6B07-40B4-A2CB-1997C8D60CDE} = {C460875A-C02E-482A-92A9-32B96253043E}
		{D9E34C75-1602-434E-B62B-AE4DE97E9960} = {C460875A-C02E-482A-92A9-32B96253043E}
	EndGlobalSection
EndGlobal
